
Microsoft Visual Studio Solution File, Format Version 12.00
# Visual Studio Version 16
VisualStudioVersion = 16.0.31205.134
MinimumVisualStudioVersion = 10.0.40219.1
Project("{FAE04EC0-301F-11D3-BF4B-00C04F79EFBC}") = "SvelTest", "SvelTest\SvelTest.csproj", "{4478E0F8-6ED0-4FCF-9AF6-C964A18C9F93}"
EndProject
Global
	GlobalSection(SolutionConfigurationPlatforms) = preSolution
		Debug|Any CPU = Debug|Any CPU
		Release|Any CPU = Release|Any CPU
	EndGlobalSection
	GlobalSection(ProjectConfigurationPlatforms) = postSolution
		{4478E0F8-6ED0-4FCF-9AF6-C964A18C9F93}.Debug|Any CPU.ActiveCfg = Debug|Any CPU
		{4478E0F8-6ED0-4FCF-9AF6-C964A18C9F93}.Debug|Any CPU.Build.0 = Debug|Any CPU
		{4478E0F8-6ED0-4FCF-9AF6-C964A18C9F93}.Release|Any CPU.ActiveCfg = Release|Any CPU
		{4478E0F8-6ED0-4FCF-9AF6-C964A18C9F93}.Release|Any CPU.Build.0 = Release|Any CPU
	EndGlobalSection
	GlobalSection(SolutionProperties) = preSolution
		HideSolutionNode = FALSE
	EndGlobalSection
	GlobalSection(ExtensibilityGlobals) = postSolution
		SolutionGuid = {F5270739-671F-4255-A2FD-4592211723D3}
	EndGlobalSection
EndGlobal
